
Microsoft Visual Studio Solution File, Format Version 12.00
# Visual Studio 15
VisualStudioVersion = 15.0.28307.271
MinimumVisualStudioVersion = 10.0.40219.1
Project("{FAE04EC0-301F-11D3-BF4B-00C04F79EFBC}") = "G1ANT.Addon.Selenium", "G1ANT.Addon.Selenium\G1ANT.Addon.Selenium.csproj", "{3A10D8A2-7812-41ED-AB27-2C60F3B856D5}"
EndProject
Project("{FAE04EC0-301F-11D3-BF4B-00C04F79EFBC}") = "G1ANT.Addon.Selenium.Tests", "G1ANT.Addon.Selenium.Tests\G1ANT.Addon.Selenium.Tests.csproj", "{067E5148-0829-44D5-92CE-8AAC1CEB7E45}"
EndProject
Global
	GlobalSection(SolutionConfigurationPlatforms) = preSolution
		Debug|Any CPU = Debug|Any CPU
		Release|Any CPU = Release|Any CPU
	EndGlobalSection
	GlobalSection(ProjectConfigurationPlatforms) = postSolution
		{3A10D8A2-7812-41ED-AB27-2C60F3B856D5}.Debug|Any CPU.ActiveCfg = Debug|Any CPU
		{3A10D8A2-7812-41ED-AB27-2C60F3B856D5}.Debug|Any CPU.Build.0 = Debug|Any CPU
		{3A10D8A2-7812-41ED-AB27-2C60F3B856D5}.Release|Any CPU.ActiveCfg = Release|Any CPU
		{3A10D8A2-7812-41ED-AB27-2C60F3B856D5}.Release|Any CPU.Build.0 = Release|Any CPU
		{067E5148-0829-44D5-92CE-8AAC1CEB7E45}.Debug|Any CPU.ActiveCfg = Debug|Any CPU
		{067E5148-0829-44D5-92CE-8AAC1CEB7E45}.Debug|Any CPU.Build.0 = Debug|Any CPU
		{067E5148-0829-44D5-92CE-8AAC1CEB7E45}.Release|Any CPU.ActiveCfg = Release|Any CPU
		{067E5148-0829-44D5-92CE-8AAC1CEB7E45}.Release|Any CPU.Build.0 = Release|Any CPU
	EndGlobalSection
	GlobalSection(SolutionProperties) = preSolution
		HideSolutionNode = FALSE
	EndGlobalSection
	GlobalSection(ExtensibilityGlobals) = postSolution
		SolutionGuid = {C857841D-8CD3-4424-AE2D-66C9D106C17E}
	EndGlobalSection
EndGlobal
